// !$*UTF8*$!
{
	archiveVersion = 1;
	classes = {
	};
	objectVersion = 45;
	objects = {

/* Begin PBXFileReference section */
		0A8B997E0B8F55D6003CD01B /* bin */ = {isa = PBXFileReference; lastKnownFileType = folder; path = bin; sourceTree = "<group>"; };
		0A8B99810B8F55E2003CD01B /* lib */ = {isa = PBXFileReference; lastKnownFileType = folder; path = lib; sourceTree = "<group>"; };
		0A8B99840B8F55E8003CD01B /* src */ = {isa = PBXFileReference; lastKnownFileType = folder; path = src; sourceTree = "<group>"; };
		0A8B99880B8F55EC003CD01B /* resources */ = {isa = PBXFileReference; lastKnownFileType = folder; path = resources; sourceTree = "<group>"; };
		0A8B99B20B8F56A4003CD01B /* build.xml */ = {isa = PBXFileReference; fileEncoding = 30; lastKnownFileType = text.xml; path = build.xml; sourceTree = "<group>"; };
		0A8B99E90B8F5855003CD01B /* jars */ = {isa = PBXFileReference; lastKnownFileType = folder; path = jars; sourceTree = "<group>"; };
		8120E8FC1415C6DF00A529B3 /* library.properties */ = {isa = PBXFileReference; fileEncoding = 4; lastKnownFileType = text; path = library.properties; sourceTree = "<group>"; };
		817E2C8C105D52CF00425757 /* arduino */ = {isa = PBXFileReference; lastKnownFileType = folder; path = arduino; sourceTree = "<group>"; };
/* End PBXFileReference section */

/* Begin PBXGroup section */
		00E6828FFEC88D1A11DB9C8B = {
			isa = PBXGroup;
			children = (
				8120E8FC1415C6DF00A529B3 /* library.properties */,
				817E2C8C105D52CF00425757 /* arduino */,
				0A8B99B20B8F56A4003CD01B /* build.xml */,
				0A8B99840B8F55E8003CD01B /* src */,
				0A8B99880B8F55EC003CD01B /* resources */,
				0A8B99810B8F55E2003CD01B /* lib */,
				0A8B997E0B8F55D6003CD01B /* bin */,
				0A8B99E90B8F5855003CD01B /* jars */,
			);
			sourceTree = "<group>";
		};
/* End PBXGroup section */

/* Begin PBXLegacyTarget section */
		0A8B99D50B8F57BB003CD01B /* Arduino */ = {
			isa = PBXLegacyTarget;
			buildArgumentsString = "-emacs $(ACTION)";
			buildConfigurationList = 0A8B99E60B8F5847003CD01B /* Build configuration list for PBXLegacyTarget "Arduino" */;
			buildPhases = (
			);
			buildToolPath = /usr/bin/ant;
			dependencies = (
			);
			name = Arduino;
			passBuildSettingsInEnvironment = 1;
			productName = Arduino;
		};
/* End PBXLegacyTarget section */

/* Begin PBXProject section */
		00E6828EFEC88D1A11DB9C8B /* Project object */ = {
			isa = PBXProject;
			buildConfigurationList = 0AE31F6908BBAC2E002AF232 /* Build configuration list for PBXProject "Arduino" */;
			compatibilityVersion = "Xcode 3.1";
			developmentRegion = English;
			hasScannedForEncodings = 1;
			knownRegions = (
				en,
			);
			mainGroup = 00E6828FFEC88D1A11DB9C8B;
			productRefGroup = 00E6828FFEC88D1A11DB9C8B;
			projectDirPath = "";
			projectRoot = "";
			targets = (
				0A8B99D50B8F57BB003CD01B /* Arduino */,
			);
		};
/* End PBXProject section */

/* Begin XCBuildConfiguration section */
		0A8B99E70B8F5847003CD01B /* Debug */ = {
			isa = XCBuildConfiguration;
			buildSettings = {
				COPY_PHASE_STRIP = NO;
				GCC_DYNAMIC_NO_PIC = NO;
				GCC_GENERATE_DEBUGGING_SYMBOLS = YES;
				GCC_OPTIMIZATION_LEVEL = 0;
				PRODUCT_NAME = Arduino;
			};
			name = Debug;
		};
		0A8B99E80B8F5847003CD01B /* Release */ = {
			isa = XCBuildConfiguration;
			buildSettings = {
				COPY_PHASE_STRIP = YES;
				PRODUCT_NAME = Arduino;
			};
			name = Release;
		};
		0AE31F6A08BBAC2E002AF232 /* Debug */ = {
			isa = XCBuildConfiguration;
			buildSettings = {
			};
			name = Debug;
		};
		0AE31F6B08BBAC2E002AF232 /* Release */ = {
			isa = XCBuildConfiguration;
			buildSettings = {
			};
			name = Release;
		};
/* End XCBuildConfiguration section */

/* Begin XCConfigurationList section */
		0A8B99E60B8F5847003CD01B /* Build configuration list for PBXLegacyTarget "Arduino" */ = {
			isa = XCConfigurationList;
			buildConfigurations = (
				0A8B99E70B8F5847003CD01B /* Debug */,
				0A8B99E80B8F5847003CD01B /* Release */,
			);
			defaultConfigurationIsVisible = 0;
			defaultConfigurationName = Release;
		};
		0AE31F6908BBAC2E002AF232 /* Build configuration list for PBXProject "Arduino" */ = {
			isa = XCConfigurationList;
			buildConfigurations = (
				0AE31F6A08BBAC2E002AF232 /* Debug */,
				0AE31F6B08BBAC2E002AF232 /* Release */,
			);
			defaultConfigurationIsVisible = 0;
			defaultConfigurationName = Release;
		};
/* End XCConfigurationList section */
	};
	rootObject = 00E6828EFEC88D1A11DB9C8B /* Project object */;
}
